{
  "name": "vaseans-test",
  "lockfileVersion": 3,
  "requires": true,
  "packages": {
    "../package": {
      "name": "cacheiql",
      "version": "1.0.0",
      "extraneous": true,
      "license": "ISC",
      "dependencies": {
        "tsc": "^2.0.4",
        "typescript": "^5.7.2"
      },
      "devDependencies": {
        "@types/node": "^22.10.1"
      }
    }
  }
}
